# THIS IS AN AUTOGENERATED FILE. DO NOT EDIT THIS FILE DIRECTLY.
# yarn lockfile v1


lodash.isstring@^4.0.1:
  version "4.0.1"
  resolved "https://registry.yarnpkg.com/lodash.isstring/-/lodash.isstring-4.0.1.tgz#d527dfb5456eca7cc9bb95d5daeaf88ba54a5451"

lodash.random@^3.2.0:
  version "3.2.0"
  resolved "https://registry.yarnpkg.com/lodash.random/-/lodash.random-3.2.0.tgz#96e24e763333199130d2c9e2fd57f91703cc262d"
